
Microsoft Visual Studio Solution File, Format Version 12.00
# Visual Studio Version 17
VisualStudioVersion = 17.10.34928.147
MinimumVisualStudioVersion = 10.0.40219.1
Project("{FAE04EC0-301F-11D3-BF4B-00C04F79EFBC}") = "apiVentasNoel", "apiVentasNoel\apiVentasNoel.csproj", "{B078D496-473A-4539-9A47-57CFB3453314}"
EndProject
Global
	GlobalSection(SolutionConfigurationPlatforms) = preSolution
		Debug|Any CPU = Debug|Any CPU
		Release|Any CPU = Release|Any CPU
	EndGlobalSection
	GlobalSection(ProjectConfigurationPlatforms) = postSolution
		{B078D496-473A-4539-9A47-57CFB3453314}.Debug|Any CPU.ActiveCfg = Debug|Any CPU
		{B078D496-473A-4539-9A47-57CFB3453314}.Debug|Any CPU.Build.0 = Debug|Any CPU
		{B078D496-473A-4539-9A47-57CFB3453314}.Release|Any CPU.ActiveCfg = Release|Any CPU
		{B078D496-473A-4539-9A47-57CFB3453314}.Release|Any CPU.Build.0 = Release|Any CPU
	EndGlobalSection
	GlobalSection(SolutionProperties) = preSolution
		HideSolutionNode = FALSE
	EndGlobalSection
	GlobalSection(ExtensibilityGlobals) = postSolution
		SolutionGuid = {AA96908A-5F9F-47C4-8C87-9703F5017C92}
	EndGlobalSection
EndGlobal
